lockfileVersion: 5.3

specifiers:
  '@types/node': ^17.0.21
  gray-matter: ^4.0.3
  vitepress: ^0.22.3
  vue: ^3.2.31

devDependencies:
  '@types/node': registry.npmmirror.com/@types/node/17.0.21
  gray-matter: registry.npmmirror.com/gray-matter/4.0.3
  vitepress: registry.npmmirror.com/vitepress/0.22.3
  vue: registry.npmmirror.com/vue/3.2.31

packages:

  registry.npmmirror.com/@algolia/autocomplete-core/1.5.2:
    resolution: {integrity: sha512-DY0bhyczFSS1b/CqJlTE/nQRtnTAHl6IemIkBy0nEWnhDzRDdtdx4p5Uuk3vwAFxwEEgi1WqKwgSSMx6DpNL4A==, registry: https://registry.npm.taobao.org/, tarball: https://registry.npmmirror.com/@algolia/autocomplete-core/-/autocomplete-core-1.5.2.tgz}
    name: '@algolia/autocomplete-core'
    version: 1.5.2
    dependencies:
      '@algolia/autocomplete-shared': registry.npmmirror.com/@algolia/autocomplete-shared/1.5.2
    dev: true

  registry.npmmirror.com/@algolia/autocomplete-preset-algolia/1.5.2_algoliasearch@4.12.2:
    resolution: {integrity: sha512-3MRYnYQFJyovANzSX2CToS6/5cfVjbLLqFsZTKcvF3abhQzxbqwwaMBlJtt620uBUOeMzhdfasKhCc40+RHiZw==, registry: https://registry.npm.taobao.org/, tarball: https://registry.npmmirror.com/@algolia/autocomplete-preset-algolia/-/autocomplete-preset-algolia-1.5.2.tgz}
    id: registry.npmmirror.com/@algolia/autocomplete-preset-algolia/1.5.2
    name: '@algolia/autocomplete-preset-algolia'
    version: 1.5.2
    peerDependencies:
      '@algolia/client-search': ^4.9.1
      algoliasearch: ^4.9.1
    dependencies:
      '@algolia/autocomplete-shared': registry.npmmirror.com/@algolia/autocomplete-shared/1.5.2
      algoliasearch: registry.npmmirror.com/algoliasearch/4.12.2
    dev: true

  registry.npmmirror.com/@algolia/autocomplete-shared/1.5.2:
    resolution: {integrity: sha512-ylQAYv5H0YKMfHgVWX0j0NmL8XBcAeeeVQUmppnnMtzDbDnca6CzhKj3Q8eF9cHCgcdTDdb5K+3aKyGWA0obug==, registry: https://registry.npm.taobao.org/, tarball: https://registry.npmmirror.com/@algolia/autocomplete-shared/-/autocomplete-shared-1.5.2.tgz}
    name: '@algolia/autocomplete-shared'
    version: 1.5.2
    dev: true

  registry.npmmirror.com/@algolia/cache-browser-local-storage/4.12.2:
    resolution: {integrity: sha512-z8LjFsQc0B6h6LEE3pkUGM4ErVktn6bkFbhnYbTccjmFVQ+wXFJd/D63e0WtaC+hwRB1xq8uKhkz9oojEKEsGA==, registry: https://registry.npm.taobao.org/, tarball: https://registry.npmmirror.com/@algolia/cache-browser-local-storage/-/cache-browser-local-storage-4.12.2.tgz}
    name: '@algolia/cache-browser-local-storage'
    version: 4.12.2
    dependencies:
      '@algolia/cache-common': registry.npmmirror.com/@algolia/cache-common/4.12.2
    dev: true

  registry.npmmirror.com/@algolia/cache-common/4.12.2:
    resolution: {integrity: sha512-r//r7MF0Na0HxD2BHnjWsDKuI72Z5UEf/Rb/8MC08XKBsjCwBihGxWxycjRcNGjNEIxJBsvRMIEOipcd9qD54g==, registry: https://registry.npm.taobao.org/, tarball: https://registry.npmmirror.com/@algolia/cache-common/-/cache-common-4.12.2.tgz}
    name: '@algolia/cache-common'
    version: 4.12.2
    dev: true

  registry.npmmirror.com/@algolia/cache-in-memory/4.12.2:
    resolution: {integrity: sha512-opWpbBUloP1fcTG3wBDnAfcoyNXW5GFDgGtLXrSANdfnelPKkr3O8j01ZTkRlPIuBDR0izGZG8MVWMDlTf71Bw==, registry: https://registry.npm.taobao.org/, tarball: https://registry.npmmirror.com/@algolia/cache-in-memory/-/cache-in-memory-4.12.2.tgz}
    name: '@algolia/cache-in-memory'
    version: 4.12.2
    dependencies:
      '@algolia/cache-common': registry.npmmirror.com/@algolia/cache-common/4.12.2
    dev: true

  registry.npmmirror.com/@algolia/client-account/4.12.2:
    resolution: {integrity: sha512-HZqEyeVVjzOlfoSUyc+7+ueEJmRgqSuC+hqQOGECYa5JVno4d8eRVuDAMOb87I2LOdg/WoFMcAtaaRq2gpfV/w==, registry: https://registry.npm.taobao.org/, tarball: https://registry.npmmirror.com/@algolia/client-account/-/client-account-4.12.2.tgz}
    name: '@algolia/client-account'
    version: 4.12.2
    dependencies:
      '@algolia/client-common': registry.npmmirror.com/@algolia/client-common/4.12.2
      '@algolia/client-search': registry.npmmirror.com/@algolia/client-search/4.12.2
      '@algolia/transporter': registry.npmmirror.com/@algolia/transporter/4.12.2
    dev: true

  registry.npmmirror.com/@algolia/client-analytics/4.12.2:
    resolution: {integrity: sha512-7ktimzesu+vk3l+eG9w/nQh6/9AoIieCKmoiRIguKh6okGsaSBrcTHvUwIQEIiliqPuAFBk2M8eXYFqOZzwCZw==, registry: https://registry.npm.taobao.org/, tarball: https://registry.npmmirror.com/@algolia/client-analytics/-/client-analytics-4.12.2.tgz}
    name: '@algolia/client-analytics'
    version: 4.12.2
    dependencies:
      '@algolia/client-common': registry.npmmirror.com/@algolia/client-common/4.12.2
      '@algolia/client-search': registry.npmmirror.com/@algolia/client-search/4.12.2
      '@algolia/requester-common': registry.npmmirror.com/@algolia/requester-common/4.12.2
      '@algolia/transporter': registry.npmmirror.com/@algolia/transporter/4.12.2
    dev: true

  registry.npmmirror.com/@algolia/client-common/4.12.2:
    resolution: {integrity: sha512-+dTicT1lklwOpeoiDspUoRSQYHhrr2IzllrX89/WuTPEBm2eww1xurqrSTQYC0MuVeX1s9/i4k34Q0ZnspypWg==, registry: https://registry.npm.taobao.org/, tarball: https://registry.npmmirror.com/@algolia/client-common/-/client-common-4.12.2.tgz}
    name: '@algolia/client-common'
    version: 4.12.2
    dependencies:
      '@algolia/requester-common': registry.npmmirror.com/@algolia/requester-common/4.12.2
      '@algolia/transporter': registry.npmmirror.com/@algolia/transporter/4.12.2
    dev: true

  registry.npmmirror.com/@algolia/client-personalization/4.12.2:
    resolution: {integrity: sha512-JBW3vYFGIm5sAAy3cLUdmUCpmSAdreo5S1fERg7xgF6KyxGrwyy5BViTNWrOKG+av2yusk1wKydOYJ1Fbpbaxw==, registry: https://registry.npm.taobao.org/, tarball: https://registry.npmmirror.com/@algolia/client-personalization/-/client-personalization-4.12.2.tgz}
    name: '@algolia/client-personalization'
    version: 4.12.2
    dependencies:
      '@algolia/client-common': registry.npmmirror.com/@algolia/client-common/4.12.2
      '@algolia/requester-common': registry.npmmirror.com/@algolia/requester-common/4.12.2
      '@algolia/transporter': registry.npmmirror.com/@algolia/transporter/4.12.2
    dev: true

  registry.npmmirror.com/@algolia/client-search/4.12.2:
    resolution: {integrity: sha512-JIqi14TgfEqAooNbSPBC1ZCk3Pnviqlaz9KofAqWBxSRTpPUFnU/XQCU5ihR0PC68SFVDnU/Y9cak/XotXPUeg==, registry: https://registry.npm.taobao.org/, tarball: https://registry.npmmirror.com/@algolia/client-search/-/client-search-4.12.2.tgz}
    name: '@algolia/client-search'
    version: 4.12.2
    dependencies:
      '@algolia/client-common': registry.npmmirror.com/@algolia/client-common/4.12.2
      '@algolia/requester-common': registry.npmmirror.com/@algolia/requester-common/4.12.2
      '@algolia/transporter': registry.npmmirror.com/@algolia/transporter/4.12.2
    dev: true

  registry.npmmirror.com/@algolia/logger-common/4.12.2:
    resolution: {integrity: sha512-iOiJAymLjq137G7+8EQuUEkrgta0cZGMg6scp8s4hJ+X6k+6By4nyptdkCWYwKLsW/Xy927QcIhGlkWV78vQIQ==, registry: https://registry.npm.taobao.org/, tarball: https://registry.npmmirror.com/@algolia/logger-common/-/logger-common-4.12.2.tgz}
    name: '@algolia/logger-common'
    version: 4.12.2
    dev: true

  registry.npmmirror.com/@algolia/logger-console/4.12.2:
    resolution: {integrity: sha512-veuQZyTSqHoHJtr9mLMnYeal9Mee6hCie4eqY+645VbeOrgT9p/kCMbKg5GLJGoLPlXGu7C0XpHyUj5k7/NQyw==, registry: https://registry.npm.taobao.org/, tarball: https://registry.npmmirror.com/@algolia/logger-console/-/logger-console-4.12.2.tgz}
    name: '@algolia/logger-console'
    version: 4.12.2
    dependencies:
      '@algolia/logger-common': registry.npmmirror.com/@algolia/logger-common/4.12.2
    dev: true

  registry.npmmirror.com/@algolia/requester-browser-xhr/4.12.2:
    resolution: {integrity: sha512-FpFdHNd81tS3zj6Glqd+lt+RV0ljPExKtx+QB+gani6HWZ9YlSCM+Zl82T4ibxN+hmkrMeAyT+TMzS0jiGhGyQ==, registry: https://registry.npm.taobao.org/, tarball: https://registry.npmmirror.com/@algolia/requester-browser-xhr/-/requester-browser-xhr-4.12.2.tgz}
    name: '@algolia/requester-browser-xhr'
    version: 4.12.2
    dependencies:
      '@algolia/requester-common': registry.npmmirror.com/@algolia/requester-common/4.12.2
    dev: true

  registry.npmmirror.com/@algolia/requester-common/4.12.2:
    resolution: {integrity: sha512-4szj/lvDQf/u8EyyRBBRZD1ZkKDyLBbckLj7meQDlnbfwnW1UpLwpB2l3XJ9wDmDSftGxUCeTl5oMFe4z9OEvQ==, registry: https://registry.npm.taobao.org/, tarball: https://registry.npmmirror.com/@algolia/requester-common/-/requester-common-4.12.2.tgz}
    name: '@algolia/requester-common'
    version: 4.12.2
    dev: true

  registry.npmmirror.com/@algolia/requester-node-http/4.12.2:
    resolution: {integrity: sha512-UXfJNZt2KMwjBjiOa3cJ/PyoXWZa/F1vy6rdyG4xQeZDcLbqKP3O2b+bOJcGPmFbmdwBhtAyMVLt+hvAvAVfOw==, registry: https://registry.npm.taobao.org/, tarball: https://registry.npmmirror.com/@algolia/requester-node-http/-/requester-node-http-4.12.2.tgz}
    name: '@algolia/requester-node-http'
    version: 4.12.2
    dependencies:
      '@algolia/requester-common': registry.npmmirror.com/@algolia/requester-common/4.12.2
    dev: true

  registry.npmmirror.com/@algolia/transporter/4.12.2:
    resolution: {integrity: sha512-PUq79if4CukXsm27ymTQ3eD3juSvMcyJmt6mxCkSFE0zQRL4ert61HBlNH6S9y/quUVe3g7oggfHq3d5pdpqZA==, registry: https://registry.npm.taobao.org/, tarball: https://registry.npmmirror.com/@algolia/transporter/-/transporter-4.12.2.tgz}
    name: '@algolia/transporter'
    version: 4.12.2
    dependencies:
      '@algolia/cache-common': registry.npmmirror.com/@algolia/cache-common/4.12.2
      '@algolia/logger-common': registry.npmmirror.com/@algolia/logger-common/4.12.2
      '@algolia/requester-common': registry.npmmirror.com/@algolia/requester-common/4.12.2
    dev: true

  registry.npmmirror.com/@babel/parser/7.17.3:
    resolution: {integrity: sha512-7yJPvPV+ESz2IUTPbOL+YkIGyCqOyNIzdguKQuJGnH7bg1WTIifuM21YqokFt/THWh1AkCRn9IgoykTRCBVpzA==, registry: https://registry.npm.taobao.org/, tarball: https://registry.npmmirror.com/@babel/parser/-/parser-7.17.3.tgz}
    name: '@babel/parser'
    version: 7.17.3
    engines: {node: '>=6.0.0'}
    hasBin: true
    dev: true

  registry.npmmirror.com/@docsearch/css/3.0.0:
    resolution: {integrity: sha512-1kkV7tkAsiuEd0shunYRByKJe3xQDG2q7wYg24SOw1nV9/2lwEd4WrUYRJC/ukGTl2/kHeFxsaUvtiOy0y6fFA==, registry: https://registry.npm.taobao.org/, tarball: https://registry.npmmirror.com/@docsearch/css/-/css-3.0.0.tgz}
    name: '@docsearch/css'
    version: 3.0.0
    dev: true

  registry.npmmirror.com/@docsearch/js/3.0.0:
    resolution: {integrity: sha512-j3tUJWlgW3slYqzGB8fm7y05kh2qqrIK1dZOXHeMUm/5gdKE85fiz/ltfCPMDFb/MXF+bLZChJXSMzqY0Ck30Q==, registry: https://registry.npm.taobao.org/, tarball: https://registry.npmmirror.com/@docsearch/js/-/js-3.0.0.tgz}
    name: '@docsearch/js'
    version: 3.0.0
    dependencies:
      '@docsearch/react': registry.npmmirror.com/@docsearch/react/3.0.0
      preact: registry.npmmirror.com/preact/10.6.6
    transitivePeerDependencies:
      - '@algolia/client-search'
      - '@types/react'
      - react
      - react-dom
    dev: true

  registry.npmmirror.com/@docsearch/react/3.0.0:
    resolution: {integrity: sha512-yhMacqS6TVQYoBh/o603zszIb5Bl8MIXuOc6Vy617I74pirisDzzcNh0NEaYQt50fVVR3khUbeEhUEWEWipESg==, registry: https://registry.npm.taobao.org/, tarball: https://registry.npmmirror.com/@docsearch/react/-/react-3.0.0.tgz}
    name: '@docsearch/react'
    version: 3.0.0
    peerDependencies:
      '@types/react': '>= 16.8.0 < 18.0.0'
      react: '>= 16.8.0 < 18.0.0'
      react-dom: '>= 16.8.0 < 18.0.0'
    dependencies:
      '@algolia/autocomplete-core': registry.npmmirror.com/@algolia/autocomplete-core/1.5.2
      '@algolia/autocomplete-preset-algolia': registry.npmmirror.com/@algolia/autocomplete-preset-algolia/1.5.2_algoliasearch@4.12.2
      '@docsearch/css': registry.npmmirror.com/@docsearch/css/3.0.0
      algoliasearch: registry.npmmirror.com/algoliasearch/4.12.2
    transitivePeerDependencies:
      - '@algolia/client-search'
    dev: true

  registry.npmmirror.com/@types/node/17.0.21:
    resolution: {integrity: sha512-DBZCJbhII3r90XbQxI8Y9IjjiiOGlZ0Hr32omXIZvwwZ7p4DMMXGrKXVyPfuoBOri9XNtL0UK69jYIBIsRX3QQ==, registry: https://registry.npm.taobao.org/, tarball: https://registry.npmmirror.com/@types/node/-/node-17.0.21.tgz}
    name: '@types/node'
    version: 17.0.21
    dev: true

  registry.npmmirror.com/@vitejs/plugin-vue/2.2.4_vite@2.8.6+vue@3.2.31:
    resolution: {integrity: sha512-ev9AOlp0ljCaDkFZF3JwC/pD2N4Hh+r5srl5JHM6BKg5+99jiiK0rE/XaRs3pVm1wzyKkjUy/StBSoXX5fFzcw==, registry: https://registry.npm.taobao.org/, tarball: https://registry.npmmirror.com/@vitejs/plugin-vue/-/plugin-vue-2.2.4.tgz}
    id: registry.npmmirror.com/@vitejs/plugin-vue/2.2.4
    name: '@vitejs/plugin-vue'
    version: 2.2.4
    engines: {node: '>=12.0.0'}
    peerDependencies:
      vite: ^2.5.10
      vue: ^3.2.25
    dependencies:
      vite: registry.npmmirror.com/vite/2.8.6
      vue: registry.npmmirror.com/vue/3.2.31
    dev: true

  registry.npmmirror.com/@vue/compiler-core/3.2.31:
    resolution: {integrity: sha512-aKno00qoA4o+V/kR6i/pE+aP+esng5siNAVQ422TkBNM6qA4veXiZbSe8OTXHXquEi/f6Akc+nLfB4JGfe4/WQ==, registry: https://registry.npm.taobao.org/, tarball: https://registry.npmmirror.com/@vue/compiler-core/-/compiler-core-3.2.31.tgz}
    name: '@vue/compiler-core'
    version: 3.2.31
    dependencies:
      '@babel/parser': registry.npmmirror.com/@babel/parser/7.17.3
      '@vue/shared': registry.npmmirror.com/@vue/shared/3.2.31
      estree-walker: registry.npmmirror.com/estree-walker/2.0.2
      source-map: registry.npmmirror.com/source-map/0.6.1
    dev: true

  registry.npmmirror.com/@vue/compiler-dom/3.2.31:
    resolution: {integrity: sha512-60zIlFfzIDf3u91cqfqy9KhCKIJgPeqxgveH2L+87RcGU/alT6BRrk5JtUso0OibH3O7NXuNOQ0cDc9beT0wrg==, registry: https://registry.npm.taobao.org/, tarball: https://registry.npmmirror.com/@vue/compiler-dom/-/compiler-dom-3.2.31.tgz}
    name: '@vue/compiler-dom'
    version: 3.2.31
    dependencies:
      '@vue/compiler-core': registry.npmmirror.com/@vue/compiler-core/3.2.31
      '@vue/shared': registry.npmmirror.com/@vue/shared/3.2.31
    dev: true

  registry.npmmirror.com/@vue/compiler-sfc/3.2.31:
    resolution: {integrity: sha512-748adc9msSPGzXgibHiO6T7RWgfnDcVQD+VVwYgSsyyY8Ans64tALHZANrKtOzvkwznV/F4H7OAod/jIlp/dkQ==, registry: https://registry.npm.taobao.org/, tarball: https://registry.npmmirror.com/@vue/compiler-sfc/-/compiler-sfc-3.2.31.tgz}
    name: '@vue/compiler-sfc'
    version: 3.2.31
    dependencies:
      '@babel/parser': registry.npmmirror.com/@babel/parser/7.17.3
      '@vue/compiler-core': registry.npmmirror.com/@vue/compiler-core/3.2.31
      '@vue/compiler-dom': registry.npmmirror.com/@vue/compiler-dom/3.2.31
      '@vue/compiler-ssr': registry.npmmirror.com/@vue/compiler-ssr/3.2.31
      '@vue/reactivity-transform': registry.npmmirror.com/@vue/reactivity-transform/3.2.31
      '@vue/shared': registry.npmmirror.com/@vue/shared/3.2.31
      estree-walker: registry.npmmirror.com/estree-walker/2.0.2
      magic-string: registry.npmmirror.com/magic-string/0.25.9
      postcss: registry.npmmirror.com/postcss/8.4.7
      source-map: registry.npmmirror.com/source-map/0.6.1
    dev: true

  registry.npmmirror.com/@vue/compiler-ssr/3.2.31:
    resolution: {integrity: sha512-mjN0rqig+A8TVDnsGPYJM5dpbjlXeHUm2oZHZwGyMYiGT/F4fhJf/cXy8QpjnLQK4Y9Et4GWzHn9PS8AHUnSkw==, registry: https://registry.npm.taobao.org/, tarball: https://registry.npmmirror.com/@vue/compiler-ssr/-/compiler-ssr-3.2.31.tgz}
    name: '@vue/compiler-ssr'
    version: 3.2.31
    dependencies:
      '@vue/compiler-dom': registry.npmmirror.com/@vue/compiler-dom/3.2.31
      '@vue/shared': registry.npmmirror.com/@vue/shared/3.2.31
    dev: true

  registry.npmmirror.com/@vue/reactivity-transform/3.2.31:
    resolution: {integrity: sha512-uS4l4z/W7wXdI+Va5pgVxBJ345wyGFKvpPYtdSgvfJfX/x2Ymm6ophQlXXB6acqGHtXuBqNyyO3zVp9b1r0MOA==, registry: https://registry.npm.taobao.org/, tarball: https://registry.npmmirror.com/@vue/reactivity-transform/-/reactivity-transform-3.2.31.tgz}
    name: '@vue/reactivity-transform'
    version: 3.2.31
    dependencies:
      '@babel/parser': registry.npmmirror.com/@babel/parser/7.17.3
      '@vue/compiler-core': registry.npmmirror.com/@vue/compiler-core/3.2.31
      '@vue/shared': registry.npmmirror.com/@vue/shared/3.2.31
      estree-walker: registry.npmmirror.com/estree-walker/2.0.2
      magic-string: registry.npmmirror.com/magic-string/0.25.9
    dev: true

  registry.npmmirror.com/@vue/reactivity/3.2.31:
    resolution: {integrity: sha512-HVr0l211gbhpEKYr2hYe7hRsV91uIVGFYNHj73njbARVGHQvIojkImKMaZNDdoDZOIkMsBc9a1sMqR+WZwfSCw==, registry: https://registry.npm.taobao.org/, tarball: https://registry.npmmirror.com/@vue/reactivity/-/reactivity-3.2.31.tgz}
    name: '@vue/reactivity'
    version: 3.2.31
    dependencies:
      '@vue/shared': registry.npmmirror.com/@vue/shared/3.2.31
    dev: true

  registry.npmmirror.com/@vue/runtime-core/3.2.31:
    resolution: {integrity: sha512-Kcog5XmSY7VHFEMuk4+Gap8gUssYMZ2+w+cmGI6OpZWYOEIcbE0TPzzPHi+8XTzAgx1w/ZxDFcXhZeXN5eKWsA==, registry: https://registry.npm.taobao.org/, tarball: https://registry.npmmirror.com/@vue/runtime-core/-/runtime-core-3.2.31.tgz}
    name: '@vue/runtime-core'
    version: 3.2.31
    dependencies:
      '@vue/reactivity': registry.npmmirror.com/@vue/reactivity/3.2.31
      '@vue/shared': registry.npmmirror.com/@vue/shared/3.2.31
    dev: true

  registry.npmmirror.com/@vue/runtime-dom/3.2.31:
    resolution: {integrity: sha512-N+o0sICVLScUjfLG7u9u5XCjvmsexAiPt17GNnaWHJUfsKed5e85/A3SWgKxzlxx2SW/Hw7RQxzxbXez9PtY3g==, registry: https://registry.npm.taobao.org/, tarball: https://registry.npmmirror.com/@vue/runtime-dom/-/runtime-dom-3.2.31.tgz}
    name: '@vue/runtime-dom'
    version: 3.2.31
    dependencies:
      '@vue/runtime-core': registry.npmmirror.com/@vue/runtime-core/3.2.31
      '@vue/shared': registry.npmmirror.com/@vue/shared/3.2.31
      csstype: registry.npmmirror.com/csstype/2.6.20
    dev: true

  registry.npmmirror.com/@vue/server-renderer/3.2.31_vue@3.2.31:
    resolution: {integrity: sha512-8CN3Zj2HyR2LQQBHZ61HexF5NReqngLT3oahyiVRfSSvak+oAvVmu8iNLSu6XR77Ili2AOpnAt1y8ywjjqtmkg==, registry: https://registry.npm.taobao.org/, tarball: https://registry.npmmirror.com/@vue/server-renderer/-/server-renderer-3.2.31.tgz}
    id: registry.npmmirror.com/@vue/server-renderer/3.2.31
    name: '@vue/server-renderer'
    version: 3.2.31
    peerDependencies:
      vue: 3.2.31
    dependencies:
      '@vue/compiler-ssr': registry.npmmirror.com/@vue/compiler-ssr/3.2.31
      '@vue/shared': registry.npmmirror.com/@vue/shared/3.2.31
      vue: registry.npmmirror.com/vue/3.2.31
    dev: true

  registry.npmmirror.com/@vue/shared/3.2.31:
    resolution: {integrity: sha512-ymN2pj6zEjiKJZbrf98UM2pfDd6F2H7ksKw7NDt/ZZ1fh5Ei39X5tABugtT03ZRlWd9imccoK0hE8hpjpU7irQ==, registry: https://registry.npm.taobao.org/, tarball: https://registry.npmmirror.com/@vue/shared/-/shared-3.2.31.tgz}
    name: '@vue/shared'
    version: 3.2.31
    dev: true

  registry.npmmirror.com/algoliasearch/4.12.2:
    resolution: {integrity: sha512-bn1P9+V415zeDQJtXn+1SwuwedEAv9/LJAxt8XwR6ygH/sMwaHSm2hpkz8wIbCBt/tKQ43TL672Kyxzv5PwGgQ==, registry: https://registry.npm.taobao.org/, tarball: https://registry.npmmirror.com/algoliasearch/-/algoliasearch-4.12.2.tgz}
    name: algoliasearch
    version: 4.12.2
    dependencies:
      '@algolia/cache-browser-local-storage': registry.npmmirror.com/@algolia/cache-browser-local-storage/4.12.2
      '@algolia/cache-common': registry.npmmirror.com/@algolia/cache-common/4.12.2
      '@algolia/cache-in-memory': registry.npmmirror.com/@algolia/cache-in-memory/4.12.2
      '@algolia/client-account': registry.npmmirror.com/@algolia/client-account/4.12.2
      '@algolia/client-analytics': registry.npmmirror.com/@algolia/client-analytics/4.12.2
      '@algolia/client-common': registry.npmmirror.com/@algolia/client-common/4.12.2
      '@algolia/client-personalization': registry.npmmirror.com/@algolia/client-personalization/4.12.2
      '@algolia/client-search': registry.npmmirror.com/@algolia/client-search/4.12.2
      '@algolia/logger-common': registry.npmmirror.com/@algolia/logger-common/4.12.2
      '@algolia/logger-console': registry.npmmirror.com/@algolia/logger-console/4.12.2
      '@algolia/requester-browser-xhr': registry.npmmirror.com/@algolia/requester-browser-xhr/4.12.2
      '@algolia/requester-common': registry.npmmirror.com/@algolia/requester-common/4.12.2
      '@algolia/requester-node-http': registry.npmmirror.com/@algolia/requester-node-http/4.12.2
      '@algolia/transporter': registry.npmmirror.com/@algolia/transporter/4.12.2
    dev: true

  registry.npmmirror.com/argparse/1.0.10:
    resolution: {integrity: sha512-o5Roy6tNG4SL/FOkCAN6RzjiakZS25RLYFrcMttJqbdd8BWrnA+fGz57iN5Pb06pvBGvl5gQ0B48dJlslXvoTg==, registry: https://registry.npm.taobao.org/, tarball: https://registry.npmmirror.com/argparse/-/argparse-1.0.10.tgz}
    name: argparse
    version: 1.0.10
    dependencies:
      sprintf-js: registry.npmmirror.com/sprintf-js/1.0.3
    dev: true

  registry.npmmirror.com/csstype/2.6.20:
    resolution: {integrity: sha512-/WwNkdXfckNgw6S5R125rrW8ez139lBHWouiBvX8dfMFtcn6V81REDqnH7+CRpRipfYlyU1CmOnOxrmGcFOjeA==, registry: https://registry.npm.taobao.org/, tarball: https://registry.npmmirror.com/csstype/-/csstype-2.6.20.tgz}
    name: csstype
    version: 2.6.20
    dev: true

  registry.npmmirror.com/esbuild-android-64/0.14.25:
    resolution: {integrity: sha512-L5vCUk7TzFbBnoESNoXjU3x9+/+7TDIE/1mTfy/erAfvZAqC+S3sp/Qa9wkypFMcFvN9FzvESkTlpeQDolREtQ==, registry: https://registry.npm.taobao.org/, tarball: https://registry.npmmirror.com/esbuild-android-64/-/esbuild-android-64-0.14.25.tgz}
    name: esbuild-android-64
    version: 0.14.25
    engines: {node: '>=12'}
    cpu: [x64]
    os: [android]
    requiresBuild: true
    dev: true
    optional: true

  registry.npmmirror.com/esbuild-android-arm64/0.14.25:
    resolution: {integrity: sha512-4jv5xPjM/qNm27T5j3ZEck0PvjgQtoMHnz4FzwF5zNP56PvY2CT0WStcAIl6jNlsuDdN63rk2HRBIsO6xFbcFw==, registry: https://registry.npm.taobao.org/, tarball: https://registry.npmmirror.com/esbuild-android-arm64/-/esbuild-android-arm64-0.14.25.tgz}
    name: esbuild-android-arm64
    version: 0.14.25
    engines: {node: '>=12'}
    cpu: [arm64]
    os: [android]
    requiresBuild: true
    dev: true
    optional: true

  registry.npmmirror.com/esbuild-darwin-64/0.14.25:
    resolution: {integrity: sha512-TGp8tuudIxOyWd1+8aYPxQmC1ZQyvij/AfNBa35RubixD0zJ1vkKHVAzo0Zao1zcG6pNqiSyzfPto8vmg0s7oA==, registry: https://registry.npm.taobao.org/, tarball: https://registry.npmmirror.com/esbuild-darwin-64/-/esbuild-darwin-64-0.14.25.tgz}
    name: esbuild-darwin-64
    version: 0.14.25
    engines: {node: '>=12'}
    cpu: [x64]
    os: [darwin]
    requiresBuild: true
    dev: true
    optional: true

  registry.npmmirror.com/esbuild-darwin-arm64/0.14.25:
    resolution: {integrity: sha512-oTcDgdm0MDVEmw2DWu8BV68pYuImpFgvWREPErBZmNA4MYKGuBRaCiJqq6jZmBR1x+3y1DWCjez+5uLtuAm6mw==, registry: https://registry.npm.taobao.org/, tarball: https://registry.npmmirror.com/esbuild-darwin-arm64/-/esbuild-darwin-arm64-0.14.25.tgz}
    name: esbuild-darwin-arm64
    version: 0.14.25
    engines: {node: '>=12'}
    cpu: [arm64]
    os: [darwin]
    requiresBuild: true
    dev: true
    optional: true

  registry.npmmirror.com/esbuild-freebsd-64/0.14.25:
    resolution: {integrity: sha512-ueAqbnMZ8arnuLH8tHwTCQYeptnHOUV7vA6px6j4zjjQwDx7TdP7kACPf3TLZLdJQ3CAD1XCvQ2sPhX+8tacvQ==, registry: https://registry.npm.taobao.org/, tarball: https://registry.npmmirror.com/esbuild-freebsd-64/-/esbuild-freebsd-64-0.14.25.tgz}
    name: esbuild-freebsd-64
    version: 0.14.25
    engines: {node: '>=12'}
    cpu: [x64]
    os: [freebsd]
    requiresBuild: true
    dev: true
    optional: true

  registry.npmmirror.com/esbuild-freebsd-arm64/0.14.25:
    resolution: {integrity: sha512-+ZVWud2HKh+Ob6k/qiJWjBtUg4KmJGGmbvEXXW1SNKS7hW7HU+Zq2ZCcE1akFxOPkVB+EhOty/sSek30tkCYug==, registry: https://registry.npm.taobao.org/, tarball: https://registry.npmmirror.com/esbuild-freebsd-arm64/-/esbuild-freebsd-arm64-0.14.25.tgz}
    name: esbuild-freebsd-arm64
    version: 0.14.25
    engines: {node: '>=12'}
    cpu: [arm64]
    os: [freebsd]
    requiresBuild: true
    dev: true
    optional: true

  registry.npmmirror.com/esbuild-linux-32/0.14.25:
    resolution: {integrity: sha512-3OP/lwV3kCzEz45tobH9nj+uE4ubhGsfx+tn0L26WAGtUbmmcRpqy7XRG/qK7h1mClZ+eguIANcQntYMdYklfw==, registry: https://registry.npm.taobao.org/, tarball: https://registry.npmmirror.com/esbuild-linux-32/-/esbuild-linux-32-0.14.25.tgz}
    name: esbuild-linux-32
    version: 0.14.25
    engines: {node: '>=12'}
    cpu: [ia32]
    os: [linux]
    requiresBuild: true
    dev: true
    optional: true

  registry.npmmirror.com/esbuild-linux-64/0.14.25:
    resolution: {integrity: sha512-+aKHdHZmX9qwVlQmu5xYXh7GsBFf4TWrePgeJTalhXHOG7NNuUwoHmketGiZEoNsWyyqwH9rE5BC+iwcLY30Ug==, registry: https://registry.npm.taobao.org/, tarball: https://registry.npmmirror.com/esbuild-linux-64/-/esbuild-linux-64-0.14.25.tgz}
    name: esbuild-linux-64
    version: 0.14.25
    engines: {node: '>=12'}
    cpu: [x64]
    os: [linux]
    requiresBuild: true
    dev: true
    optional: true

  registry.npmmirror.com/esbuild-linux-arm/0.14.25:
    resolution: {integrity: sha512-aTLcE2VBoLydL943REcAcgnDi3bHtmULSXWLbjtBdtykRatJVSxKMjK9YlBXUZC4/YcNQfH7AxwVeQr9fNxPhw==, registry: https://registry.npm.taobao.org/, tarball: https://registry.npmmirror.com/esbuild-linux-arm/-/esbuild-linux-arm-0.14.25.tgz}
    name: esbuild-linux-arm
    version: 0.14.25
    engines: {node: '>=12'}
    cpu: [arm]
    os: [linux]
    requiresBuild: true
    dev: true
    optional: true

  registry.npmmirror.com/esbuild-linux-arm64/0.14.25:
    resolution: {integrity: sha512-UxfenPx/wSZx55gScCImPtXekvZQLI2GW3qe5dtlmU7luiqhp5GWPzGeQEbD3yN3xg/pHc671m5bma5Ns7lBHw==, registry: https://registry.npm.taobao.org/, tarball: https://registry.npmmirror.com/esbuild-linux-arm64/-/esbuild-linux-arm64-0.14.25.tgz}
    name: esbuild-linux-arm64
    version: 0.14.25
    engines: {node: '>=12'}
    cpu: [arm64]
    os: [linux]
    requiresBuild: true
    dev: true
    optional: true

  registry.npmmirror.com/esbuild-linux-mips64le/0.14.25:
    resolution: {integrity: sha512-wLWYyqVfYx9Ur6eU5RT92yJVsaBGi5RdkoWqRHOqcJ38Kn60QMlcghsKeWfe9jcYut8LangYZ98xO1LxIoSXrQ==, registry: https://registry.npm.taobao.org/, tarball: https://registry.npmmirror.com/esbuild-linux-mips64le/-/esbuild-linux-mips64le-0.14.25.tgz}
    name: esbuild-linux-mips64le
    version: 0.14.25
    engines: {node: '>=12'}
    cpu: [mips64el]
    os: [linux]
    requiresBuild: true
    dev: true
    optional: true

  registry.npmmirror.com/esbuild-linux-ppc64le/0.14.25:
    resolution: {integrity: sha512-0dR6Csl6Zas3g4p9ULckEl8Mo8IInJh33VCJ3eaV1hj9+MHGdmDOakYMN8MZP9/5nl+NU/0ygpd14cWgy8uqRw==, registry: https://registry.npm.taobao.org/, tarball: https://registry.npmmirror.com/esbuild-linux-ppc64le/-/esbuild-linux-ppc64le-0.14.25.tgz}
    name: esbuild-linux-ppc64le
    version: 0.14.25
    engines: {node: '>=12'}
    cpu: [ppc64]
    os: [linux]
    requiresBuild: true
    dev: true
    optional: true

  registry.npmmirror.com/esbuild-linux-riscv64/0.14.25:
    resolution: {integrity: sha512-J4d20HDmTrgvhR0bdkDhvvJGaikH3LzXQnNaseo8rcw9Yqby9A90gKUmWpfwqLVNRILvNnAmKLfBjCKU9ajg8w==, registry: https://registry.npm.taobao.org/, tarball: https://registry.npmmirror.com/esbuild-linux-riscv64/-/esbuild-linux-riscv64-0.14.25.tgz}
    name: esbuild-linux-riscv64
    version: 0.14.25
    engines: {node: '>=12'}
    cpu: [riscv64]
    os: [linux]
    requiresBuild: true
    dev: true
    optional: true

  registry.npmmirror.com/esbuild-linux-s390x/0.14.25:
    resolution: {integrity: sha512-YI2d5V6nTE73ZnhEKQD7MtsPs1EtUZJ3obS21oxQxGbbRw1G+PtJKjNyur+3t6nzHP9oTg6GHQ3S3hOLLmbDIQ==, registry: https://registry.npm.taobao.org/, tarball: https://registry.npmmirror.com/esbuild-linux-s390x/-/esbuild-linux-s390x-0.14.25.tgz}
    name: esbuild-linux-s390x
    version: 0.14.25
    engines: {node: '>=12'}
    cpu: [s390x]
    os: [linux]
    requiresBuild: true
    dev: true
    optional: true

  registry.npmmirror.com/esbuild-netbsd-64/0.14.25:
    resolution: {integrity: sha512-TKIVgNWLUOkr+Exrye70XTEE1lJjdQXdM4tAXRzfHE9iBA7LXWcNtVIuSnphTqpanPzTDFarF0yqq4kpbC6miA==, registry: https://registry.npm.taobao.org/, tarball: https://registry.npmmirror.com/esbuild-netbsd-64/-/esbuild-netbsd-64-0.14.25.tgz}
    name: esbuild-netbsd-64
    version: 0.14.25
    engines: {node: '>=12'}
    cpu: [x64]
    os: [netbsd]
    requiresBuild: true
    dev: true
    optional: true

  registry.npmmirror.com/esbuild-openbsd-64/0.14.25:
    resolution: {integrity: sha512-QgFJ37A15D7NIXBTYEqz29+uw3nNBOIyog+3kFidANn6kjw0GHZ0lEYQn+cwjyzu94WobR+fes7cTl/ZYlHb1A==, registry: https://registry.npm.taobao.org/, tarball: https://registry.npmmirror.com/esbuild-openbsd-64/-/esbuild-openbsd-64-0.14.25.tgz}
    name: esbuild-openbsd-64
    version: 0.14.25
    engines: {node: '>=12'}
    cpu: [x64]
    os: [openbsd]
    requiresBuild: true
    dev: true
    optional: true

  registry.npmmirror.com/esbuild-sunos-64/0.14.25:
    resolution: {integrity: sha512-rmWfjUItYIVlqr5EnTH1+GCxXiBOC42WBZ3w++qh7n2cS9Xo0lO5pGSG2N+huOU2fX5L+6YUuJ78/vOYvefeFw==, registry: https://registry.npm.taobao.org/, tarball: https://registry.npmmirror.com/esbuild-sunos-64/-/esbuild-sunos-64-0.14.25.tgz}
    name: esbuild-sunos-64
    version: 0.14.25
    engines: {node: '>=12'}
    cpu: [x64]
    os: [sunos]
    requiresBuild: true
    dev: true
    optional: true

  registry.npmmirror.com/esbuild-windows-32/0.14.25:
    resolution: {integrity: sha512-HGAxVUofl3iUIz9W10Y9XKtD0bNsK9fBXv1D55N/ljNvkrAYcGB8YCm0v7DjlwtyS6ws3dkdQyXadbxkbzaKOA==, registry: https://registry.npm.taobao.org/, tarball: https://registry.npmmirror.com/esbuild-windows-32/-/esbuild-windows-32-0.14.25.tgz}
    name: esbuild-windows-32
    version: 0.14.25
    engines: {node: '>=12'}
    cpu: [ia32]
    os: [win32]
    requiresBuild: true
    dev: true
    optional: true

  registry.npmmirror.com/esbuild-windows-64/0.14.25:
    resolution: {integrity: sha512-TirEohRkfWU9hXLgoDxzhMQD1g8I2mOqvdQF2RS9E/wbkORTAqJHyh7wqGRCQAwNzdNXdg3JAyhQ9/177AadWA==, registry: https://registry.npm.taobao.org/, tarball: https://registry.npmmirror.com/esbuild-windows-64/-/esbuild-windows-64-0.14.25.tgz}
    name: esbuild-windows-64
    version: 0.14.25
    engines: {node: '>=12'}
    cpu: [x64]
    os: [win32]
    requiresBuild: true
    dev: true
    optional: true

  registry.npmmirror.com/esbuild-windows-arm64/0.14.25:
    resolution: {integrity: sha512-4ype9ERiI45rSh+R8qUoBtaj6kJvUOI7oVLhKqPEpcF4Pa5PpT3hm/mXAyotJHREkHpM87PAJcA442mLnbtlNA==, registry: https://registry.npm.taobao.org/, tarball: https://registry.npmmirror.com/esbuild-windows-arm64/-/esbuild-windows-arm64-0.14.25.tgz}
    name: esbuild-windows-arm64
    version: 0.14.25
    engines: {node: '>=12'}
    cpu: [arm64]
    os: [win32]
    requiresBuild: true
    dev: true
    optional: true

  registry.npmmirror.com/esbuild/0.14.25:
    resolution: {integrity: sha512-4JHEIOMNFvK09ziiL+iVmldIhLbn49V4NAVo888tcGFKedEZY/Y8YapfStJ6zSE23tzYPKxqKwQBnQoIO0BI/Q==, registry: https://registry.npm.taobao.org/, tarball: https://registry.npmmirror.com/esbuild/-/esbuild-0.14.25.tgz}
    name: esbuild
    version: 0.14.25
    engines: {node: '>=12'}
    hasBin: true
    requiresBuild: true
    optionalDependencies:
      esbuild-android-64: registry.npmmirror.com/esbuild-android-64/0.14.25
      esbuild-android-arm64: registry.npmmirror.com/esbuild-android-arm64/0.14.25
      esbuild-darwin-64: registry.npmmirror.com/esbuild-darwin-64/0.14.25
      esbuild-darwin-arm64: registry.npmmirror.com/esbuild-darwin-arm64/0.14.25
      esbuild-freebsd-64: registry.npmmirror.com/esbuild-freebsd-64/0.14.25
      esbuild-freebsd-arm64: registry.npmmirror.com/esbuild-freebsd-arm64/0.14.25
      esbuild-linux-32: registry.npmmirror.com/esbuild-linux-32/0.14.25
      esbuild-linux-64: registry.npmmirror.com/esbuild-linux-64/0.14.25
      esbuild-linux-arm: registry.npmmirror.com/esbuild-linux-arm/0.14.25
      esbuild-linux-arm64: registry.npmmirror.com/esbuild-linux-arm64/0.14.25
      esbuild-linux-mips64le: registry.npmmirror.com/esbuild-linux-mips64le/0.14.25
      esbuild-linux-ppc64le: registry.npmmirror.com/esbuild-linux-ppc64le/0.14.25
      esbuild-linux-riscv64: registry.npmmirror.com/esbuild-linux-riscv64/0.14.25
      esbuild-linux-s390x: registry.npmmirror.com/esbuild-linux-s390x/0.14.25
      esbuild-netbsd-64: registry.npmmirror.com/esbuild-netbsd-64/0.14.25
      esbuild-openbsd-64: registry.npmmirror.com/esbuild-openbsd-64/0.14.25
      esbuild-sunos-64: registry.npmmirror.com/esbuild-sunos-64/0.14.25
      esbuild-windows-32: registry.npmmirror.com/esbuild-windows-32/0.14.25
      esbuild-windows-64: registry.npmmirror.com/esbuild-windows-64/0.14.25
      esbuild-windows-arm64: registry.npmmirror.com/esbuild-windows-arm64/0.14.25
    dev: true

  registry.npmmirror.com/esprima/4.0.1:
    resolution: {integrity: sha512-eGuFFw7Upda+g4p+QHvnW0RyTX/SVeJBDM/gCtMARO0cLuT2HcEKnTPvhjV6aGeqrCB/sbNop0Kszm0jsaWU4A==, registry: https://registry.npm.taobao.org/, tarball: https://registry.npmmirror.com/esprima/-/esprima-4.0.1.tgz}
    name: esprima
    version: 4.0.1
    engines: {node: '>=4'}
    hasBin: true
    dev: true

  registry.npmmirror.com/estree-walker/2.0.2:
    resolution: {integrity: sha512-Rfkk/Mp/DL7JVje3u18FxFujQlTNR2q6QfMSMB7AvCBx91NGj/ba3kCfza0f6dVDbw7YlRf/nDrn7pQrCCyQ/w==, registry: https://registry.npm.taobao.org/, tarball: https://registry.npmmirror.com/estree-walker/-/estree-walker-2.0.2.tgz}
    name: estree-walker
    version: 2.0.2
    dev: true

  registry.npmmirror.com/extend-shallow/2.0.1:
    resolution: {integrity: sha512-zCnTtlxNoAiDc3gqY2aYAWFx7XWWiasuF2K8Me5WbN8otHKTUKBwjPtNpRs/rbUZm7KxWAaNj7P1a/p52GbVug==, registry: https://registry.npm.taobao.org/, tarball: https://registry.npmmirror.com/extend-shallow/-/extend-shallow-2.0.1.tgz}
    name: extend-shallow
    version: 2.0.1
    engines: {node: '>=0.10.0'}
    dependencies:
      is-extendable: registry.npmmirror.com/is-extendable/0.1.1
    dev: true

  registry.npmmirror.com/fsevents/2.3.2:
    resolution: {integrity: sha512-xiqMQR4xAeHTuB9uWm+fFRcIOgKBMiOBP+eXiyT7jsgVCq1bkVygt00oASowB7EdtpOHaaPgKt812P9ab+DDKA==, registry: https://registry.npm.taobao.org/, tarball: https://registry.npmmirror.com/fsevents/-/fsevents-2.3.2.tgz}
    name: fsevents
    version: 2.3.2
    engines: {node: ^8.16.0 || ^10.6.0 || >=11.0.0}
    os: [darwin]
    requiresBuild: true
    dev: true
    optional: true

  registry.npmmirror.com/function-bind/1.1.1:
    resolution: {integrity: sha512-yIovAzMX49sF8Yl58fSCWJ5svSLuaibPxXQJFLmBObTuCr0Mf1KiPopGM9NiFjiYBCbfaa2Fh6breQ6ANVTI0A==, registry: https://registry.npm.taobao.org/, tarball: https://registry.npmmirror.com/function-bind/-/function-bind-1.1.1.tgz}
    name: function-bind
    version: 1.1.1
    dev: true

  registry.npmmirror.com/gray-matter/4.0.3:
    resolution: {integrity: sha512-5v6yZd4JK3eMI3FqqCouswVqwugaA9r4dNZB1wwcmrD02QkV5H0y7XBQW8QwQqEaZY1pM9aqORSORhJRdNK44Q==, registry: https://registry.npm.taobao.org/, tarball: https://registry.npmmirror.com/gray-matter/-/gray-matter-4.0.3.tgz}
    name: gray-matter
    version: 4.0.3
    engines: {node: '>=6.0'}
    dependencies:
      js-yaml: registry.npmmirror.com/js-yaml/3.14.1
      kind-of: registry.npmmirror.com/kind-of/6.0.3
      section-matter: registry.npmmirror.com/section-matter/1.0.0
      strip-bom-string: registry.npmmirror.com/strip-bom-string/1.0.0
    dev: true

  registry.npmmirror.com/has/1.0.3:
    resolution: {integrity: sha512-f2dvO0VU6Oej7RkWJGrehjbzMAjFp5/VKPp5tTpWIV4JHHZK1/BxbFRtf/siA2SWTe09caDmVtYYzWEIbBS4zw==, registry: https://registry.npm.taobao.org/, tarball: https://registry.npmmirror.com/has/-/has-1.0.3.tgz}
    name: has
    version: 1.0.3
    engines: {node: '>= 0.4.0'}
    dependencies:
      function-bind: registry.npmmirror.com/function-bind/1.1.1
    dev: true

  registry.npmmirror.com/is-core-module/2.8.1:
    resolution: {integrity: sha512-SdNCUs284hr40hFTFP6l0IfZ/RSrMXF3qgoRHd3/79unUTvrFO/JoXwkGm+5J/Oe3E/b5GsnG330uUNgRpu1PA==, registry: https://registry.npm.taobao.org/, tarball: https://registry.npmmirror.com/is-core-module/-/is-core-module-2.8.1.tgz}
    name: is-core-module
    version: 2.8.1
    dependencies:
      has: registry.npmmirror.com/has/1.0.3
    dev: true

  registry.npmmirror.com/is-extendable/0.1.1:
    resolution: {integrity: sha512-5BMULNob1vgFX6EjQw5izWDxrecWK9AM72rugNr0TFldMOi0fj6Jk+zeKIt0xGj4cEfQIJth4w3OKWOJ4f+AFw==, registry: https://registry.npm.taobao.org/, tarball: https://registry.npmmirror.com/is-extendable/-/is-extendable-0.1.1.tgz}
    name: is-extendable
    version: 0.1.1
    engines: {node: '>=0.10.0'}
    dev: true

  registry.npmmirror.com/js-yaml/3.14.1:
    resolution: {integrity: sha512-okMH7OXXJ7YrN9Ok3/SXrnu4iX9yOk+25nqX4imS2npuvTYDmo/QEZoqwZkYaIDk3jVvBOTOIEgEhaLOynBS9g==, registry: https://registry.npm.taobao.org/, tarball: https://registry.npmmirror.com/js-yaml/-/js-yaml-3.14.1.tgz}
    name: js-yaml
    version: 3.14.1
    hasBin: true
    dependencies:
      argparse: registry.npmmirror.com/argparse/1.0.10
      esprima: registry.npmmirror.com/esprima/4.0.1
    dev: true

  registry.npmmirror.com/kind-of/6.0.3:
    resolution: {integrity: sha512-dcS1ul+9tmeD95T+x28/ehLgd9mENa3LsvDTtzm3vyBEO7RPptvAD+t44WVXaUjTBRcrpFeFlC8WCruUR456hw==, registry: https://registry.npm.taobao.org/, tarball: https://registry.npmmirror.com/kind-of/-/kind-of-6.0.3.tgz}
    name: kind-of
    version: 6.0.3
    engines: {node: '>=0.10.0'}
    dev: true

  registry.npmmirror.com/magic-string/0.25.9:
    resolution: {integrity: sha512-RmF0AsMzgt25qzqqLc1+MbHmhdx0ojF2Fvs4XnOqz2ZOBXzzkEwc/dJQZCYHAn7v1jbVOjAZfK8msRn4BxO4VQ==, registry: https://registry.npm.taobao.org/, tarball: https://registry.npmmirror.com/magic-string/-/magic-string-0.25.9.tgz}
    name: magic-string
    version: 0.25.9
    dependencies:
      sourcemap-codec: registry.npmmirror.com/sourcemap-codec/1.4.8
    dev: true

  registry.npmmirror.com/nanoid/3.3.1:
    resolution: {integrity: sha512-n6Vs/3KGyxPQd6uO0eH4Bv0ojGSUvuLlIHtC3Y0kEO23YRge8H9x1GCzLn28YX0H66pMkxuaeESFq4tKISKwdw==, registry: https://registry.npm.taobao.org/, tarball: https://registry.npmmirror.com/nanoid/-/nanoid-3.3.1.tgz}
    name: nanoid
    version: 3.3.1
    engines: {node: ^10 || ^12 || ^13.7 || ^14 || >=15.0.1}
    hasBin: true
    dev: true

  registry.npmmirror.com/path-parse/1.0.7:
    resolution: {integrity: sha512-LDJzPVEEEPR+y48z93A0Ed0yXb8pAByGWo/k5YYdYgpY2/2EsOsksJrq7lOHxryrVOn1ejG6oAp8ahvOIQD8sw==, registry: https://registry.npm.taobao.org/, tarball: https://registry.npmmirror.com/path-parse/-/path-parse-1.0.7.tgz}
    name: path-parse
    version: 1.0.7
    dev: true

  registry.npmmirror.com/picocolors/1.0.0:
    resolution: {integrity: sha512-1fygroTLlHu66zi26VoTDv8yRgm0Fccecssto+MhsZ0D/DGW2sm8E8AjW7NU5VVTRt5GxbeZ5qBuJr+HyLYkjQ==, registry: https://registry.npm.taobao.org/, tarball: https://registry.npmmirror.com/picocolors/-/picocolors-1.0.0.tgz}
    name: picocolors
    version: 1.0.0
    dev: true

  registry.npmmirror.com/postcss/8.4.7:
    resolution: {integrity: sha512-L9Ye3r6hkkCeOETQX6iOaWZgjp3LL6Lpqm6EtgbKrgqGGteRMNb9vzBfRL96YOSu8o7x3MfIH9Mo5cPJFGrW6A==, registry: https://registry.npm.taobao.org/, tarball: https://registry.npmmirror.com/postcss/-/postcss-8.4.7.tgz}
    name: postcss
    version: 8.4.7
    engines: {node: ^10 || ^12 || >=14}
    dependencies:
      nanoid: registry.npmmirror.com/nanoid/3.3.1
      picocolors: registry.npmmirror.com/picocolors/1.0.0
      source-map-js: registry.npmmirror.com/source-map-js/1.0.2
    dev: true

  registry.npmmirror.com/preact/10.6.6:
    resolution: {integrity: sha512-dgxpTFV2vs4vizwKohYKkk7g7rmp1wOOcfd4Tz3IB3Wi+ivZzsn/SpeKJhRENSE+n8sUfsAl4S3HiCVT923ABw==, registry: https://registry.npm.taobao.org/, tarball: https://registry.npmmirror.com/preact/-/preact-10.6.6.tgz}
    name: preact
    version: 10.6.6
    dev: true

  registry.npmmirror.com/prismjs/1.27.0:
    resolution: {integrity: sha512-t13BGPUlFDR7wRB5kQDG4jjl7XeuH6jbJGt11JHPL96qwsEHNX2+68tFXqc1/k+/jALsbSWJKUOT/hcYAZ5LkA==, registry: https://registry.npm.taobao.org/, tarball: https://registry.npmmirror.com/prismjs/-/prismjs-1.27.0.tgz}
    name: prismjs
    version: 1.27.0
    engines: {node: '>=6'}
    dev: true

  registry.npmmirror.com/resolve/1.22.0:
    resolution: {integrity: sha512-Hhtrw0nLeSrFQ7phPp4OOcVjLPIeMnRlr5mcnVuMe7M/7eBn98A3hmFRLoFo3DLZkivSYwhRUJTyPyWAk56WLw==, registry: https://registry.npm.taobao.org/, tarball: https://registry.npmmirror.com/resolve/-/resolve-1.22.0.tgz}
    name: resolve
    version: 1.22.0
    hasBin: true
    dependencies:
      is-core-module: registry.npmmirror.com/is-core-module/2.8.1
      path-parse: registry.npmmirror.com/path-parse/1.0.7
      supports-preserve-symlinks-flag: registry.npmmirror.com/supports-preserve-symlinks-flag/1.0.0
    dev: true

  registry.npmmirror.com/rollup/2.69.1:
    resolution: {integrity: sha512-xaQKTomUVZBopk38EIshM/kOoPFkKWisgBV7Emy80coP9MOSLUDrba1jKZhqH0iS5DoGcRbbcuyl/BzblV8w5w==, registry: https://registry.npm.taobao.org/, tarball: https://registry.npmmirror.com/rollup/-/rollup-2.69.1.tgz}
    name: rollup
    version: 2.69.1
    engines: {node: '>=10.0.0'}
    hasBin: true
    optionalDependencies:
      fsevents: registry.npmmirror.com/fsevents/2.3.2
    dev: true

  registry.npmmirror.com/section-matter/1.0.0:
    resolution: {integrity: sha512-vfD3pmTzGpufjScBh50YHKzEu2lxBWhVEHsNGoEXmCmn2hKGfeNLYMzCJpe8cD7gqX7TJluOVpBkAequ6dgMmA==, registry: https://registry.npm.taobao.org/, tarball: https://registry.npmmirror.com/section-matter/-/section-matter-1.0.0.tgz}
    name: section-matter
    version: 1.0.0
    engines: {node: '>=4'}
    dependencies:
      extend-shallow: registry.npmmirror.com/extend-shallow/2.0.1
      kind-of: registry.npmmirror.com/kind-of/6.0.3
    dev: true

  registry.npmmirror.com/source-map-js/1.0.2:
    resolution: {integrity: sha512-R0XvVJ9WusLiqTCEiGCmICCMplcCkIwwR11mOSD9CR5u+IXYdiseeEuXCVAjS54zqwkLcPNnmU4OeJ6tUrWhDw==, registry: https://registry.npm.taobao.org/, tarball: https://registry.npmmirror.com/source-map-js/-/source-map-js-1.0.2.tgz}
    name: source-map-js
    version: 1.0.2
    engines: {node: '>=0.10.0'}
    dev: true

  registry.npmmirror.com/source-map/0.6.1:
    resolution: {integrity: sha512-UjgapumWlbMhkBgzT7Ykc5YXUT46F0iKu8SGXq0bcwP5dz/h0Plj6enJqjz1Zbq2l5WaqYnrVbwWOWMyF3F47g==, registry: https://registry.npm.taobao.org/, tarball: https://registry.npmmirror.com/source-map/-/source-map-0.6.1.tgz}
    name: source-map
    version: 0.6.1
    engines: {node: '>=0.10.0'}
    dev: true

  registry.npmmirror.com/sourcemap-codec/1.4.8:
    resolution: {integrity: sha512-9NykojV5Uih4lgo5So5dtw+f0JgJX30KCNI8gwhz2J9A15wD0Ml6tjHKwf6fTSa6fAdVBdZeNOs9eJ71qCk8vA==, registry: https://registry.npm.taobao.org/, tarball: https://registry.npmmirror.com/sourcemap-codec/-/sourcemap-codec-1.4.8.tgz}
    name: sourcemap-codec
    version: 1.4.8
    dev: true

  registry.npmmirror.com/sprintf-js/1.0.3:
    resolution: {integrity: sha512-D9cPgkvLlV3t3IzL0D0YLvGA9Ahk4PcvVwUbN0dSGr1aP0Nrt4AEnTUbuGvquEC0mA64Gqt1fzirlRs5ibXx8g==, registry: https://registry.npm.taobao.org/, tarball: https://registry.npmmirror.com/sprintf-js/-/sprintf-js-1.0.3.tgz}
    name: sprintf-js
    version: 1.0.3
    dev: true

  registry.npmmirror.com/strip-bom-string/1.0.0:
    resolution: {integrity: sha512-uCC2VHvQRYu+lMh4My/sFNmF2klFymLX1wHJeXnbEJERpV/ZsVuonzerjfrGpIGF7LBVa1O7i9kjiWvJiFck8g==, registry: https://registry.npm.taobao.org/, tarball: https://registry.npmmirror.com/strip-bom-string/-/strip-bom-string-1.0.0.tgz}
    name: strip-bom-string
    version: 1.0.0
    engines: {node: '>=0.10.0'}
    dev: true

  registry.npmmirror.com/supports-preserve-symlinks-flag/1.0.0:
    resolution: {integrity: sha512-ot0WnXS9fgdkgIcePe6RHNk1WA8+muPa6cSjeR3V8K27q9BB1rTE3R1p7Hv0z1ZyAc8s6Vvv8DIyWf681MAt0w==, registry: https://registry.npm.taobao.org/, tarball: https://registry.npmmirror.com/supports-preserve-symlinks-flag/-/supports-preserve-symlinks-flag-1.0.0.tgz}
    name: supports-preserve-symlinks-flag
    version: 1.0.0
    engines: {node: '>= 0.4'}
    dev: true

  registry.npmmirror.com/vite/2.8.6:
    resolution: {integrity: sha512-e4H0QpludOVKkmOsRyqQ7LTcMUDF3mcgyNU4lmi0B5JUbe0ZxeBBl8VoZ8Y6Rfn9eFKYtdXNPcYK97ZwH+K2ug==, registry: https://registry.npm.taobao.org/, tarball: https://registry.npmmirror.com/vite/-/vite-2.8.6.tgz}
    name: vite
    version: 2.8.6
    engines: {node: '>=12.2.0'}
    hasBin: true
    peerDependencies:
      less: '*'
      sass: '*'
      stylus: '*'
    peerDependenciesMeta:
      less:
        optional: true
      sass:
        optional: true
      stylus:
        optional: true
    dependencies:
      esbuild: registry.npmmirror.com/esbuild/0.14.25
      postcss: registry.npmmirror.com/postcss/8.4.7
      resolve: registry.npmmirror.com/resolve/1.22.0
      rollup: registry.npmmirror.com/rollup/2.69.1
    optionalDependencies:
      fsevents: registry.npmmirror.com/fsevents/2.3.2
    dev: true

  registry.npmmirror.com/vitepress/0.22.3:
    resolution: {integrity: sha512-Yfvu/rent2vp/TXIDZMutS6ft2TJPn4xngS48PYFWDEbuFI2ccUAXM481lF1qVVnCKxfh4g8e/KPvevSJdg1Bw==, registry: https://registry.npm.taobao.org/, tarball: https://registry.npmmirror.com/vitepress/-/vitepress-0.22.3.tgz}
    name: vitepress
    version: 0.22.3
    engines: {node: '>=14.0.0'}
    hasBin: true
    dependencies:
      '@docsearch/css': registry.npmmirror.com/@docsearch/css/3.0.0
      '@docsearch/js': registry.npmmirror.com/@docsearch/js/3.0.0
      '@vitejs/plugin-vue': registry.npmmirror.com/@vitejs/plugin-vue/2.2.4_vite@2.8.6+vue@3.2.31
      prismjs: registry.npmmirror.com/prismjs/1.27.0
      vite: registry.npmmirror.com/vite/2.8.6
      vue: registry.npmmirror.com/vue/3.2.31
    transitivePeerDependencies:
      - '@algolia/client-search'
      - '@types/react'
      - less
      - react
      - react-dom
      - sass
      - stylus
    dev: true

  registry.npmmirror.com/vue/3.2.31:
    resolution: {integrity: sha512-odT3W2tcffTiQCy57nOT93INw1auq5lYLLYtWpPYQQYQOOdHiqFct9Xhna6GJ+pJQaF67yZABraH47oywkJgFw==, registry: https://registry.npm.taobao.org/, tarball: https://registry.npmmirror.com/vue/-/vue-3.2.31.tgz}
    name: vue
    version: 3.2.31
    dependencies:
      '@vue/compiler-dom': registry.npmmirror.com/@vue/compiler-dom/3.2.31
      '@vue/compiler-sfc': registry.npmmirror.com/@vue/compiler-sfc/3.2.31
      '@vue/runtime-dom': registry.npmmirror.com/@vue/runtime-dom/3.2.31
      '@vue/server-renderer': registry.npmmirror.com/@vue/server-renderer/3.2.31_vue@3.2.31
      '@vue/shared': registry.npmmirror.com/@vue/shared/3.2.31
    dev: true
